
Microsoft Visual Studio Solution File, Format Version 12.00
Project("{FAE04EC0-301F-11D3-BF4B-00C04F79EFBC}") = "Master", "Master\Master.csproj", "{5034E68B-0355-4BA6-A162-C88FB9469FDE}"
EndProject
Project("{FAE04EC0-301F-11D3-BF4B-00C04F79EFBC}") = "Master.Benchmarks", "Master.Benchmarks\Master.Benchmarks.csproj", "{1456565E-E211-4D1B-A643-AEA603847649}"
EndProject
Project("{FAE04EC0-301F-11D3-BF4B-00C04F79EFBC}") = "Master.OpenTAP", "Master.OpenTAP\Master.OpenTAP.csproj", "{AA6B690B-6095-439A-9448-33660B019EF6}"
EndProject
Project("{FAE04EC0-301F-11D3-BF4B-00C04F79EFBC}") = "Master.Tests", "Master.Tests\Master.Tests.csproj", "{28F75F9C-41AD-479D-BC4F-3A9511374FC0}"
EndProject
Project("{2150E333-8FDC-42A3-9474-1A3956D46DE8}") = "External", "External", "{B15E38A7-FFBA-491E-801A-3E3C0A6F72D4}"
	ProjectSection(SolutionItems) = preProject
		OpenTAP.HDF5\OpenTap.Hdf5\OpenTap.Hdf5.csproj = OpenTAP.HDF5\OpenTap.Hdf5\OpenTap.Hdf5.csproj
	EndProjectSection
EndProject
Global
	GlobalSection(SolutionConfigurationPlatforms) = preSolution
		Debug|Any CPU = Debug|Any CPU
		Release|Any CPU = Release|Any CPU
	EndGlobalSection
	GlobalSection(ProjectConfigurationPlatforms) = postSolution
		{5034E68B-0355-4BA6-A162-C88FB9469FDE}.Debug|Any CPU.ActiveCfg = Debug|Any CPU
		{5034E68B-0355-4BA6-A162-C88FB9469FDE}.Debug|Any CPU.Build.0 = Debug|Any CPU
		{5034E68B-0355-4BA6-A162-C88FB9469FDE}.Release|Any CPU.ActiveCfg = Release|Any CPU
		{5034E68B-0355-4BA6-A162-C88FB9469FDE}.Release|Any CPU.Build.0 = Release|Any CPU
		{1456565E-E211-4D1B-A643-AEA603847649}.Debug|Any CPU.ActiveCfg = Debug|Any CPU
		{1456565E-E211-4D1B-A643-AEA603847649}.Debug|Any CPU.Build.0 = Debug|Any CPU
		{1456565E-E211-4D1B-A643-AEA603847649}.Release|Any CPU.ActiveCfg = Release|Any CPU
		{1456565E-E211-4D1B-A643-AEA603847649}.Release|Any CPU.Build.0 = Release|Any CPU
		{AA6B690B-6095-439A-9448-33660B019EF6}.Debug|Any CPU.ActiveCfg = Debug|Any CPU
		{AA6B690B-6095-439A-9448-33660B019EF6}.Debug|Any CPU.Build.0 = Debug|Any CPU
		{AA6B690B-6095-439A-9448-33660B019EF6}.Release|Any CPU.ActiveCfg = Release|Any CPU
		{AA6B690B-6095-439A-9448-33660B019EF6}.Release|Any CPU.Build.0 = Release|Any CPU
		{28F75F9C-41AD-479D-BC4F-3A9511374FC0}.Debug|Any CPU.ActiveCfg = Debug|Any CPU
		{28F75F9C-41AD-479D-BC4F-3A9511374FC0}.Debug|Any CPU.Build.0 = Debug|Any CPU
		{28F75F9C-41AD-479D-BC4F-3A9511374FC0}.Release|Any CPU.ActiveCfg = Release|Any CPU
		{28F75F9C-41AD-479D-BC4F-3A9511374FC0}.Release|Any CPU.Build.0 = Release|Any CPU
	EndGlobalSection
	GlobalSection(NestedProjects) = preSolution
	EndGlobalSection
EndGlobal
