<Solution>
  <Project Path="Master.Benchmarks\Master.Benchmarks.csproj" Type="Classic C#" />
  <Project Path="Master.OpenTAP\Master.OpenTAP.csproj" Type="Classic C#" />
  <Project Path="Master.Tests\Master.Tests.csproj" Type="Classic C#" />
  <Project Path="Master\Master.csproj" Type="Classic C#" />
</Solution>